
Microsoft Visual Studio Solution File, Format Version 12.00
# Visual Studio Express 2013 for Web
VisualStudioVersion = 12.0.40629.0
MinimumVisualStudioVersion = 10.0.40219.1
Project("{FAE04EC0-301F-11D3-BF4B-00C04F79EFBC}") = "Training.Utilities", "Training.Utilities\Training.Utilities.csproj", "{9769D7A8-78A0-4493-AF98-AE2D672FEA49}"
EndProject
Project("{FAE04EC0-301F-11D3-BF4B-00C04F79EFBC}") = "Training.Entities", "Training.Entities\Training.Entities.csproj", "{68D12580-DFF9-4931-A08A-37521ECC076D}"
EndProject
Project("{FAE04EC0-301F-11D3-BF4B-00C04F79EFBC}") = "Training.DataAccess", "Training.DataAccess\Training.DataAccess.csproj", "{B0D5D87F-701C-4D53-9F49-C75EED615626}"
EndProject
Project("{FAE04EC0-301F-11D3-BF4B-00C04F79EFBC}") = "Training.BusinessLogic", "Training.BusinessLogic\Training.BusinessLogic.csproj", "{39462E82-9B77-4351-9E39-737FBF199734}"
EndProject
Project("{FAE04EC0-301F-11D3-BF4B-00C04F79EFBC}") = "Training.WebServices", "Training.WebServices\Training.WebServices.csproj", "{DE344E9B-E773-4C11-9D40-54258211977E}"
EndProject
Project("{FAE04EC0-301F-11D3-BF4B-00C04F79EFBC}") = "Training.WebInterface", "Training.WebInterface\Training.WebInterface.csproj", "{CF798A04-B7B3-497A-ABA3-C16271952315}"
EndProject
Project("{FAE04EC0-301F-11D3-BF4B-00C04F79EFBC}") = "Training.DTO", "Training.DTO\Training.DTO.csproj", "{A1E30E91-B8DE-48B4-BEF9-ED9DE41F4C55}"
EndProject
Project("{FAE04EC0-301F-11D3-BF4B-00C04F79EFBC}") = "Training.Caching", "Training.Caching\Training.Caching.csproj", "{E48C960D-B936-4456-80AE-953EA2F4E2D7}"
EndProject
Global
	GlobalSection(SolutionConfigurationPlatforms) = preSolution
		Debug|Any CPU = Debug|Any CPU
		Release|Any CPU = Release|Any CPU
	EndGlobalSection
	GlobalSection(ProjectConfigurationPlatforms) = postSolution
		{9769D7A8-78A0-4493-AF98-AE2D672FEA49}.Debug|Any CPU.ActiveCfg = Debug|Any CPU
		{9769D7A8-78A0-4493-AF98-AE2D672FEA49}.Debug|Any CPU.Build.0 = Debug|Any CPU
		{9769D7A8-78A0-4493-AF98-AE2D672FEA49}.Release|Any CPU.ActiveCfg = Release|Any CPU
		{9769D7A8-78A0-4493-AF98-AE2D672FEA49}.Release|Any CPU.Build.0 = Release|Any CPU
		{68D12580-DFF9-4931-A08A-37521ECC076D}.Debug|Any CPU.ActiveCfg = Debug|Any CPU
		{68D12580-DFF9-4931-A08A-37521ECC076D}.Debug|Any CPU.Build.0 = Debug|Any CPU
		{68D12580-DFF9-4931-A08A-37521ECC076D}.Release|Any CPU.ActiveCfg = Release|Any CPU
		{68D12580-DFF9-4931-A08A-37521ECC076D}.Release|Any CPU.Build.0 = Release|Any CPU
		{B0D5D87F-701C-4D53-9F49-C75EED615626}.Debug|Any CPU.ActiveCfg = Debug|Any CPU
		{B0D5D87F-701C-4D53-9F49-C75EED615626}.Debug|Any CPU.Build.0 = Debug|Any CPU
		{B0D5D87F-701C-4D53-9F49-C75EED615626}.Release|Any CPU.ActiveCfg = Release|Any CPU
		{B0D5D87F-701C-4D53-9F49-C75EED615626}.Release|Any CPU.Build.0 = Release|Any CPU
		{39462E82-9B77-4351-9E39-737FBF199734}.Debug|Any CPU.ActiveCfg = Debug|Any CPU
		{39462E82-9B77-4351-9E39-737FBF199734}.Debug|Any CPU.Build.0 = Debug|Any CPU
		{39462E82-9B77-4351-9E39-737FBF199734}.Release|Any CPU.ActiveCfg = Release|Any CPU
		{39462E82-9B77-4351-9E39-737FBF199734}.Release|Any CPU.Build.0 = Release|Any CPU
		{DE344E9B-E773-4C11-9D40-54258211977E}.Debug|Any CPU.ActiveCfg = Debug|Any CPU
		{DE344E9B-E773-4C11-9D40-54258211977E}.Debug|Any CPU.Build.0 = Debug|Any CPU
		{DE344E9B-E773-4C11-9D40-54258211977E}.Release|Any CPU.ActiveCfg = Release|Any CPU
		{DE344E9B-E773-4C11-9D40-54258211977E}.Release|Any CPU.Build.0 = Release|Any CPU
		{CF798A04-B7B3-497A-ABA3-C16271952315}.Debug|Any CPU.ActiveCfg = Debug|Any CPU
		{CF798A04-B7B3-497A-ABA3-C16271952315}.Debug|Any CPU.Build.0 = Debug|Any CPU
		{CF798A04-B7B3-497A-ABA3-C16271952315}.Release|Any CPU.ActiveCfg = Release|Any CPU
		{CF798A04-B7B3-497A-ABA3-C16271952315}.Release|Any CPU.Build.0 = Release|Any CPU
		{A1E30E91-B8DE-48B4-BEF9-ED9DE41F4C55}.Debug|Any CPU.ActiveCfg = Debug|Any CPU
		{A1E30E91-B8DE-48B4-BEF9-ED9DE41F4C55}.Debug|Any CPU.Build.0 = Debug|Any CPU
		{A1E30E91-B8DE-48B4-BEF9-ED9DE41F4C55}.Release|Any CPU.ActiveCfg = Release|Any CPU
		{A1E30E91-B8DE-48B4-BEF9-ED9DE41F4C55}.Release|Any CPU.Build.0 = Release|Any CPU
		{E48C960D-B936-4456-80AE-953EA2F4E2D7}.Debug|Any CPU.ActiveCfg = Debug|Any CPU
		{E48C960D-B936-4456-80AE-953EA2F4E2D7}.Debug|Any CPU.Build.0 = Debug|Any CPU
		{E48C960D-B936-4456-80AE-953EA2F4E2D7}.Release|Any CPU.ActiveCfg = Release|Any CPU
		{E48C960D-B936-4456-80AE-953EA2F4E2D7}.Release|Any CPU.Build.0 = Release|Any CPU
	EndGlobalSection
	GlobalSection(SolutionProperties) = preSolution
		HideSolutionNode = FALSE
	EndGlobalSection
EndGlobal
